
Microsoft Visual Studio Solution File, Format Version 12.00
# Visual Studio Version 17
VisualStudioVersion = 17.0.31903.59
MinimumVisualStudioVersion = 10.0.40219.1
Project("{FAE04EC0-301F-11D3-BF4B-00C04F79EFBC}") = "QAgencyAppointment", "QAgencyAppointment\QAgencyAppointment.csproj", "{4D0E6C3A-B347-42FD-9D29-037AA11747D0}"
EndProject
Project("{FAE04EC0-301F-11D3-BF4B-00C04F79EFBC}") = "QAgencyAppointment.Business", "QAgencyAppointment.Business\QAgencyAppointment.Business.csproj", "{4AB89041-BDAC-496C-9DA8-169D900298D3}"
EndProject
Project("{FAE04EC0-301F-11D3-BF4B-00C04F79EFBC}") = "QAgencyAppointment.DataAccess", "QAgencyAppointment.DataAccess\QAgencyAppointment.DataAccess.csproj", "{B671A213-5E53-4429-B6F2-33E2A07CFADE}"
EndProject
Global
	GlobalSection(SolutionConfigurationPlatforms) = preSolution
		Debug|Any CPU = Debug|Any CPU
		Release|Any CPU = Release|Any CPU
	EndGlobalSection
	GlobalSection(SolutionProperties) = preSolution
		HideSolutionNode = FALSE
	EndGlobalSection
	GlobalSection(ProjectConfigurationPlatforms) = postSolution
		{4D0E6C3A-B347-42FD-9D29-037AA11747D0}.Debug|Any CPU.ActiveCfg = Debug|Any CPU
		{4D0E6C3A-B347-42FD-9D29-037AA11747D0}.Debug|Any CPU.Build.0 = Debug|Any CPU
		{4D0E6C3A-B347-42FD-9D29-037AA11747D0}.Release|Any CPU.ActiveCfg = Release|Any CPU
		{4D0E6C3A-B347-42FD-9D29-037AA11747D0}.Release|Any CPU.Build.0 = Release|Any CPU
		{4AB89041-BDAC-496C-9DA8-169D900298D3}.Debug|Any CPU.ActiveCfg = Debug|Any CPU
		{4AB89041-BDAC-496C-9DA8-169D900298D3}.Debug|Any CPU.Build.0 = Debug|Any CPU
		{4AB89041-BDAC-496C-9DA8-169D900298D3}.Release|Any CPU.ActiveCfg = Release|Any CPU
		{4AB89041-BDAC-496C-9DA8-169D900298D3}.Release|Any CPU.Build.0 = Release|Any CPU
		{B671A213-5E53-4429-B6F2-33E2A07CFADE}.Debug|Any CPU.ActiveCfg = Debug|Any CPU
		{B671A213-5E53-4429-B6F2-33E2A07CFADE}.Debug|Any CPU.Build.0 = Debug|Any CPU
		{B671A213-5E53-4429-B6F2-33E2A07CFADE}.Release|Any CPU.ActiveCfg = Release|Any CPU
		{B671A213-5E53-4429-B6F2-33E2A07CFADE}.Release|Any CPU.Build.0 = Release|Any CPU
	EndGlobalSection
EndGlobal
